{
  "name": "threejs",
  "version": "1.0.0",
  "lockfileVersion": 1,
  "requires": true,
  "dependencies": {
    "@types/three": {
      "version": "0.93.26",
      "resolved": "http://registry.npm.taobao.org/@types/three/download/@types/three-0.93.26.tgz",
      "integrity": "sha1-Wau7K32OBRCEGJB/MSO6HleMZas="
    }
  }
}
